
Microsoft Visual Studio Solution File, Format Version 12.00
# Visual Studio Version 17
VisualStudioVersion = 17.9.34723.18
MinimumVisualStudioVersion = 10.0.40219.1
Project("{9A19103F-16F7-4668-BE54-9A1E7A4F7556}") = "APPR_Try1", "APPR_Try1\APPR_Try1.csproj", "{5663806B-CE5F-4EAB-ABB0-704814D7146B}"
EndProject19103F-16F7-4668-BE54-9A1E7A4F7556}") = "TestProject6", "TestProject6\TestProject6.csproj", "{78E97CD8-3BE9-4E53-AA44-05825A9ADC00}"
EndProject
Global
	GlobalSection(SolutionConfigurationPlatforms) = preSolution
		Debug|Any CPU = Debug|Any CPU
		Release|Any CPU = Release|Any CPU
	EndGlobalSection
	GlobalSection(ProjectConfigurationPlatforms) = postSolution
		{5663806B-CE5F-4EAB-ABB0-704814D7146B}.Debug|Any CPU.ActiveCfg = Debug|Any CPU
		{5663806B-CE5F-4EAB-ABB0-704814D7146B}.Debug|Any CPU.Build.0 = Debug|Any CPU
		{5663806B-CE5F-4EAB-ABB0-704814D7146B}.Release|Any CPU.ActiveCfg = Release|Any CPU
		{5663806B-CE5F-4EAB-ABB0-704814D7146B}.Release|Any CPU.Build.0 = Release|Any CPU
		{3E624C2D-0407-41B6-9252-6D19AB082A28}.Debug|Any CPU.ActiveCfg = Debug|Any CPU
		{3E624C2D-0407-41B6-9252-6D19AB082A28}.Debug|Any CPU.Build.0 = Debug|Any CPU
		{3E624C2D-0407-41B6-9252-6D19AB082A28}.Release|Any CPU.ActiveCfg = Release|Any CPU
		{3E624C2D-0407-41B6-9252-6D19AB082A28}.Release|Any CPU.Build.0 = Release|Any CPU
		{352D8006-9744-48E1-AA46-A8AAD7D33401}.Debug|Any CPU.ActiveCfg = Debug|Any CPU
		{352D8006-9744-48E1-AA46-A8AAD7D33401}.Debug|Any CPU.Build.0 = Debug|Any CPU
		{352D8006-9744-48E1-AA46-A8AAD7D33401}.Release|Any CPU.ActiveCfg = Release|Any CPU
		{352D8006-9744-48E1-AA46-A8AAD7D33401}.Release|Any CPU.Build.0 = Release|Any CPU
		{26AB616F-C19A-4E54-B254-E772F3B6BF27}.Debug|Any CPU.ActiveCfg = Debug|Any CPU
		{26AB616F-C19A-4E54-B254-E772F3B6BF27}.Debug|Any CPU.Build.0 = Debug|Any CPU
		{26AB616F-C19A-4E54-B254-E772F3B6BF27}.Release|Any CPU.ActiveCfg = Release|Any CPU
		{26AB616F-C19A-4E54-B254-E772F3B6BF27}.Release|Any CPU.Build.0 = Release|Any CPU
		{0439F10C-E7C0-4754-A25A-34459A88C53C}.Debug|Any CPU.ActiveCfg = Debug|Any CPU
		{0439F10C-E7C0-4754-A25A-34459A88C53C}.Debug|Any CPU.Build.0 = Debug|Any CPU
		{0439F10C-E7C0-4754-A25A-34459A88C53C}.Release|Any CPU.ActiveCfg = Release|Any CPU
		{0439F10C-E7C0-4754-A25A-34459A88C53C}.Release|Any CPU.Build.0 = Release|Any CPU
		{04F9A215-6A61-4D19-B0C5-DDF869F34A71}.Debug|Any CPU.ActiveCfg = Debug|Any CPU
		{04F9A215-6A61-4D19-B0C5-DDF869F34A71}.Debug|Any CPU.Build.0 = Debug|Any CPU
		{04F9A215-6A61-4D19-B0C5-DDF869F34A71}.Release|Any CPU.ActiveCfg = Release|Any CPU
		{04F9A215-6A61-4D19-B0C5-DDF869F34A71}.Release|Any CPU.Build.0 = Release|Any CPU
		{78E97CD8-3BE9-4E53-AA44-05825A9ADC00}.Debug|Any CPU.ActiveCfg = Debug|Any CPU
		{78E97CD8-3BE9-4E53-AA44-05825A9ADC00}.Debug|Any CPU.Build.0 = Debug|Any CPU
		{78E97CD8-3BE9-4E53-AA44-05825A9ADC00}.Release|Any CPU.ActiveCfg = Release|Any CPU
		{78E97CD8-3BE9-4E53-AA44-05825A9ADC00}.Release|Any CPU.Build.0 = Release|Any CPU
		{33D34F90-0B40-42B8-923B-FB0621CA67B5}.Debug|Any CPU.ActiveCfg = Debug|Any CPU
		{33D34F90-0B40-42B8-923B-FB0621CA67B5}.Debug|Any CPU.Build.0 = Debug|Any CPU
		{33D34F90-0B40-42B8-923B-FB0621CA67B5}.Release|Any CPU.ActiveCfg = Release|Any CPU
		{33D34F90-0B40-42B8-923B-FB0621CA67B5}.Release|Any CPU.Build.0 = Release|Any CPU
	EndGlobalSection
	GlobalSection(SolutionProperties) = preSolution
		HideSolutionNode = FALSE
	EndGlobalSection
	GlobalSection(ExtensibilityGlobals) = postSolution
		SolutionGuid = {9942E010-28C6-429D-AF85-15A9EEA70C67}
	EndGlobalSection
EndGlobal
